
Microsoft Visual Studio Solution File, Format Version 12.00
# Visual Studio Version 16
VisualStudioVersion = 16.0.30517.126
MinimumVisualStudioVersion = 10.0.40219.1
Project("{9A19103F-16F7-4668-BE54-9A1E7A4F7556}") = "API", "API.csproj", "{2EFEA8CE-E76A-4FB0-9BE3-BC04D5D96C92}"
EndProject
Project("{FAE04EC0-301F-11D3-BF4B-00C04F79EFBC}") = "UnitTests", "..\UnitTests\UnitTests.csproj", "{A3E3116C-A298-4F7E-85F4-69E990722F72}"
EndProject
Global
	GlobalSection(SolutionConfigurationPlatforms) = preSolution
		Debug|Any CPU = Debug|Any CPU
		Release|Any CPU = Release|Any CPU
	EndGlobalSection
	GlobalSection(ProjectConfigurationPlatforms) = postSolution
		{2EFEA8CE-E76A-4FB0-9BE3-BC04D5D96C92}.Debug|Any CPU.ActiveCfg = Debug|Any CPU
		{2EFEA8CE-E76A-4FB0-9BE3-BC04D5D96C92}.Debug|Any CPU.Build.0 = Debug|Any CPU
		{2EFEA8CE-E76A-4FB0-9BE3-BC04D5D96C92}.Release|Any CPU.ActiveCfg = Release|Any CPU
		{2EFEA8CE-E76A-4FB0-9BE3-BC04D5D96C92}.Release|Any CPU.Build.0 = Release|Any CPU
		{A3E3116C-A298-4F7E-85F4-69E990722F72}.Debug|Any CPU.ActiveCfg = Debug|Any CPU
		{A3E3116C-A298-4F7E-85F4-69E990722F72}.Debug|Any CPU.Build.0 = Debug|Any CPU
		{A3E3116C-A298-4F7E-85F4-69E990722F72}.Release|Any CPU.ActiveCfg = Release|Any CPU
		{A3E3116C-A298-4F7E-85F4-69E990722F72}.Release|Any CPU.Build.0 = Release|Any CPU
	EndGlobalSection
	GlobalSection(SolutionProperties) = preSolution
		HideSolutionNode = FALSE
	EndGlobalSection
	GlobalSection(ExtensibilityGlobals) = postSolution
		SolutionGuid = {C01BDBBB-27F2-4A8F-A3D7-B748E19BE1FF}
	EndGlobalSection
EndGlobal
